
Microsoft Visual Studio Solution File, Format Version 12.00
# Visual Studio Version 16
VisualStudioVersion = 16.0.29609.76
MinimumVisualStudioVersion = 10.0.40219.1
Project("{9A19103F-16F7-4668-BE54-9A1E7A4F7556}") = "Textmining.Demo.Web", "Textmining.Demo.Web\Textmining.Demo.Web.csproj", "{5D39BA2D-57E2-4BDC-8334-2AB262E04F96}"
EndProject
Global
	GlobalSection(SolutionConfigurationPlatforms) = preSolution
		Debug|Any CPU = Debug|Any CPU
		Release|Any CPU = Release|Any CPU
	EndGlobalSection
	GlobalSection(ProjectConfigurationPlatforms) = postSolution
		{5D39BA2D-57E2-4BDC-8334-2AB262E04F96}.Debug|Any CPU.ActiveCfg = Debug|Any CPU
		{5D39BA2D-57E2-4BDC-8334-2AB262E04F96}.Debug|Any CPU.Build.0 = Debug|Any CPU
		{5D39BA2D-57E2-4BDC-8334-2AB262E04F96}.Release|Any CPU.ActiveCfg = Release|Any CPU
		{5D39BA2D-57E2-4BDC-8334-2AB262E04F96}.Release|Any CPU.Build.0 = Release|Any CPU
	EndGlobalSection
	GlobalSection(SolutionProperties) = preSolution
		HideSolutionNode = FALSE
	EndGlobalSection
	GlobalSection(ExtensibilityGlobals) = postSolution
		SolutionGuid = {2AA7F9C6-4171-4BA5-BDD4-71E8E9DDF5D4}
	EndGlobalSection
EndGlobal
